<?xml version="1.0" encoding="utf-8"?>
<Project ToolsVersion="4.0" xmlns="http://schemas.microsoft.com/developer/msbuild/2003">
  <ItemGroup>
    <Filter Include="Source Files">
      <UniqueIdentifier>{4FC737F1-C7A5-4376-A066-2A32D752A2FF}</UniqueIdentifier>
      <Extensions>cpp;c;cc;cxx;def;odl;idl;hpj;bat;asm;asmx</Extensions>
    </Filter>
    <Filter Include="Header Files">
      <UniqueIdentifier>{93995380-89BD-4b04-88EB-625FBE52EBFB}</UniqueIdentifier>
      <Extensions>h;hpp;hxx;hm;inl;inc;xsd</Extensions>
    </Filter>
    <Filter Include="Resource Files">
      <UniqueIdentifier>{67DA6AB6-F800-4c08-8B7A-83BB121AAD01}</UniqueIdentifier>
      <Extensions>rc;ico;cur;bmp;dlg;rc2;rct;bin;rgs;gif;jpg;jpeg;jpe;resx;tiff;tif;png;wav;mfcribbon-ms</Extensions>
    </Filter>
    <Filter Include="Header Files\gui">
      <UniqueIdentifier>{21a2aa75-6ec8-47db-8312-6e371728e159}</UniqueIdentifier>
    </Filter>
    <Filter Include="Source Files\gui">
      <UniqueIdentifier>{42b8bade-2550-4d83-bca7-b2eb238e29d0}</UniqueIdentifier>
    </Filter>
    <Filter Include="Source Files\items">
      <UniqueIdentifier>{01720986-f2bf-4172-91eb-9c1ad00da2ba}</UniqueIdentifier>
    </Filter>
    <Filter Include="Header Files\items">
      <UniqueIdentifier>{5000c5ea-8fa9-4297-93fa-2582de03b0ad}</UniqueIdentifier>
    </Filter>
    <Filter Include="Header Files\util">
      <UniqueIdentifier>{26d4b9ea-bad9-40c2-9974-2e2f5bbc392c}</UniqueIdentifier>
    </Filter>
    <Filter Include="Source Files\util">
      <UniqueIdentifier>{4787779c-e067-4119-bb6f-f849afde9e48}</UniqueIdentifier>
    </Filter>
  </ItemGroup>
  <ItemGroup>
    <ClCompile Include="..\src\game.cpp">
      <Filter>Source Files</Filter>
    </ClCompile>
    <ClCompile Include="..\src\gui\battle_gui.cpp">
      <Filter>Source Files\gui</Filter>
    </ClCompile>
    <ClCompile Include="..\src\battle.cpp">
      <Filter>Source Files</Filter>
    </ClCompile>
    <ClCompile Include="..\src\celestial_body.cpp">
      <Filter>Source Files</Filter>
    </ClCompile>
    <ClCompile Include="..\src\character.cpp">
      <Filter>Source Files</Filter>
    </ClCompile>
    <ClCompile Include="..\src\location.cpp">
      <Filter>Source Files</Filter>
    </ClCompile>
    <ClCompile Include="..\src\npc.cpp">
      <Filter>Source Files</Filter>
    </ClCompile>
    <ClCompile Include="..\src\player.cpp">
      <Filter>Source Files</Filter>
    </ClCompile>
    <ClCompile Include="..\src\settlement.cpp">
      <Filter>Source Files</Filter>
    </ClCompile>
    <ClCompile Include="..\src\ship.cpp">
      <Filter>Source Files</Filter>
    </ClCompile>
    <ClCompile Include="..\src\battle_action.cpp">
      <Filter>Source Files</Filter>
    </ClCompile>
    <ClCompile Include="..\src\amor.cpp">
      <Filter>Source Files\items</Filter>
    </ClCompile>
    <ClCompile Include="..\src\battery.cpp">
      <Filter>Source Files\items</Filter>
    </ClCompile>
    <ClCompile Include="..\src\engine.cpp">
      <Filter>Source Files\items</Filter>
    </ClCompile>
    <ClCompile Include="..\src\equipment.cpp">
      <Filter>Source Files\items</Filter>
    </ClCompile>
    <ClCompile Include="..\src\hull.cpp">
      <Filter>Source Files\items</Filter>
    </ClCompile>
    <ClCompile Include="..\src\item.cpp">
      <Filter>Source Files\items</Filter>
    </ClCompile>
    <ClCompile Include="..\src\container.cpp">
      <Filter>Source Files\items</Filter>
    </ClCompile>
    <ClCompile Include="..\src\mine.cpp">
      <Filter>Source Files\items</Filter>
    </ClCompile>
    <ClCompile Include="..\src\synthesizer.cpp">
      <Filter>Source Files\items</Filter>
    </ClCompile>
    <ClCompile Include="..\src\setup.cpp">
      <Filter>Source Files\util</Filter>
    </ClCompile>
    <ClCompile Include="../src/entry_point.cpp">
      <Filter>Source Files\util</Filter>
    </ClCompile>
    <ClCompile Include="..\src\damageable.cpp">
      <Filter>Source Files\util</Filter>
    </ClCompile>
    <ClCompile Include="..\src\resources.cpp">
      <Filter>Source Files\util</Filter>
    </ClCompile>
  </ItemGroup>
  <ItemGroup>
    <ClInclude Include="..\src\celestial_body.h">
      <Filter>Header Files</Filter>
    </ClInclude>
    <ClInclude Include="..\src\character.h">
      <Filter>Header Files</Filter>
    </ClInclude>
    <ClInclude Include="..\src\game.h">
      <Filter>Header Files</Filter>
    </ClInclude>
    <ClInclude Include="..\src\location.h">
      <Filter>Header Files</Filter>
    </ClInclude>
    <ClInclude Include="..\src\npc.h">
      <Filter>Header Files</Filter>
    </ClInclude>
    <ClInclude Include="..\src\player.h">
      <Filter>Header Files</Filter>
    </ClInclude>
    <ClInclude Include="..\src\settlement.h">
      <Filter>Header Files</Filter>
    </ClInclude>
    <ClInclude Include="..\src\ship.h">
      <Filter>Header Files</Filter>
    </ClInclude>
    <ClInclude Include="..\src\battle.h">
      <Filter>Header Files</Filter>
    </ClInclude>
    <ClInclude Include="..\src\gui\battle_gui.h">
      <Filter>Header Files\gui</Filter>
    </ClInclude>
    <ClInclude Include="..\src\battle_action.h">
      <Filter>Header Files</Filter>
    </ClInclude>
    <ClInclude Include="..\src\armor.h">
      <Filter>Header Files\items</Filter>
    </ClInclude>
    <ClInclude Include="..\src\battery.h">
      <Filter>Header Files\items</Filter>
    </ClInclude>
    <ClInclude Include="..\src\engine.h">
      <Filter>Header Files\items</Filter>
    </ClInclude>
    <ClInclude Include="..\src\equipment.h">
      <Filter>Header Files\items</Filter>
    </ClInclude>
    <ClInclude Include="..\src\hull.h">
      <Filter>Header Files\items</Filter>
    </ClInclude>
    <ClInclude Include="..\src\item.h">
      <Filter>Header Files\items</Filter>
    </ClInclude>
    <ClInclude Include="..\src\container.h">
      <Filter>Header Files\items</Filter>
    </ClInclude>
    <ClInclude Include="..\src\mine.h">
      <Filter>Header Files\items</Filter>
    </ClInclude>
    <ClInclude Include="..\src\synthesizer.h">
      <Filter>Header Files\items</Filter>
    </ClInclude>
    <ClInclude Include="..\src\damage.h">
      <Filter>Header Files\util</Filter>
    </ClInclude>
    <ClInclude Include="..\src\setup.h">
      <Filter>Header Files\util</Filter>
    </ClInclude>
    <ClInclude Include="..\src\resources.h">
      <Filter>Header Files\util</Filter>
    </ClInclude>
    <ClInclude Include="..\src\damageable.h">
      <Filter>Header Files\util</Filter>
    </ClInclude>
  </ItemGroup>
  <ItemGroup>
    <None Include="ClassDiagram.cd" />
  </ItemGroup>
</Project>